version = 1
requires-python = ">=3.13"

[[package]]
name = "adbc-driver-manager"
version = "1.4.0"
source = { registry = "https://pypi.org/simple" }
dependencies = [
    { name = "typing-extensions" },
]
sdist = { url = "https://files.pythonhosted.org/packages/20/2c/580f0e2024ce0c6330c5e990eaeffd2b206355b5929d19889b3eac008064/adbc_driver_manager-1.4.0.tar.gz", hash = "sha256:fb8437f3e3aad9aa119ccbdfe05b83418ae552ca7e1e3f6d46d53e1f316610b8", size = 107712 }
wheels = [
    { url = "https://files.pythonhosted.org/packages/80/97/e33d558177e8dcbdaec2191bc37970e5068e46095a21dc157aaa65530e58/adbc_driver_manager-1.4.0-cp313-cp313-macosx_10_15_x86_64.whl", hash = "sha256:acfe7ca9c227a0835abc52289601337bde7a96c20befc443c9ba4eb78d673214", size = 379612 },
    { url = "https://files.pythonhosted.org/packages/1e/4f/11aacce2421902b9bed07970d5f4565c5948f58788392962ffeceadbac21/adbc_driver_manager-1.4.0-cp313-cp313-macosx_11_0_arm64.whl", hash = "sha256:b5fbf822e90fc6df5321067a25564cae11b404d4c9ba56fe4471c73c5b54e38f", size = 363412 },
    { url = "https://files.pythonhosted.org/packages/0d/bd/68672ab658dbcb154500cb668e2fe630861b3ac3348c5cdb6bf501ae10ab/adbc_driver_manager-1.4.0-cp313-cp313-manylinux_2_17_aarch64.manylinux2014_aarch64.whl", hash = "sha256:0e1d255116003514088990cc5af5995cc7f5d2ebea96b00e5b2a1f4d922d7137", size = 2123358 },
    { url = "https://files.pythonhosted.org/packages/f7/4a/5a966873541d580bf27711355ed9fd40cd46bea702eb092c6825306957a6/adbc_driver_manager-1.4.0-cp313-cp313-manylinux_2_17_x86_64.manylinux2014_x86_64.whl", hash = "sha256:682364a252de1029fa12a2f7526d4cb9e8e03e009d8d0f64bc3530a7539a74f6", size = 2156251 },
    { url = "https://files.pythonhosted.org/packages/ca/4b/19d32beccfcb647451db25cc2e40dbeb6b763bf274cdc85d22e68511baa4/adbc_driver_manager-1.4.0-cp313-cp313-win_amd64.whl", hash = "sha256:f01441fb8cc7859037ae0c39692bffa26f2fa0da68664589ced5b3794540f402", size = 533846 },
]

[[package]]
name = "adbc-driver-snowflake"
version = "1.4.0"
source = { registry = "https://pypi.org/simple" }
dependencies = [
    { name = "adbc-driver-manager" },
    { name = "importlib-resources" },
]
sdist = { url = "https://files.pythonhosted.org/packages/2a/a8/9820d3c16b0e17883a1066c1e090bb8963b8cb0fb4f81c327695d3897c45/adbc_driver_snowflake-1.4.0.tar.gz", hash = "sha256:2afad122dce6d911af47dbb62e98101bd37782eb0fb76a17a359fda9cfe69b1f", size = 17853 }
wheels = [
    { url = "https://files.pythonhosted.org/packages/38/76/4832dff8e0ad13f3a141d6191e7038a639dadefa33f6e15c3e7b52b31dcd/adbc_driver_snowflake-1.4.0-py3-none-macosx_10_15_x86_64.whl", hash = "sha256:d22676353f725d804e5b9a815e51f89c8fc512b5939150c5d2dd195d5e233b3e", size = 15412861 },
    { url = "https://files.pythonhosted.org/packages/68/98/bfe2236618f58a19924216cffcb39dbfb5f2d55ca1827bc4f99511f44fa5/adbc_driver_snowflake-1.4.0-py3-none-macosx_11_0_arm64.whl", hash = "sha256:e585303c24ae5bbcff19db6fc9f70835a625c767efe04c2d868079d0b172ce5e", size = 13774456 },
    { url = "https://files.pythonhosted.org/packages/0f/b6/a3e855ca0ec69eb3ee5939cbc53823be4cbb89f127b12e7e348ccb0c1d44/adbc_driver_snowflake-1.4.0-py3-none-manylinux_2_17_aarch64.manylinux2014_aarch64.whl", hash = "sha256:b4af9d80b572cb2b9252847c1ae841148942e2936be8a5498984c4653b263ed9", size = 13441094 },
    { url = "https://files.pythonhosted.org/packages/d1/42/5b5923209c5255cebea64b6f772185fba5a8e18d9b5cbbfa8c4dee190e60/adbc_driver_snowflake-1.4.0-py3-none-manylinux_2_5_x86_64.manylinux1_x86_64.manylinux_2_17_x86_64.manylinux2014_x86_64.whl", hash = "sha256:54c447c926677e2f6358f49b834c16fb708bb7acb750a9ac204eda7b57c61ded", size = 15566313 },
    { url = "https://files.pythonhosted.org/packages/ca/48/b7789540f2cc9548911bba129424347b99f9878bf4841504ec003143b03d/adbc_driver_snowflake-1.4.0-py3-none-win_amd64.whl", hash = "sha256:8a339194d1aea4eb75d5612f7dae88a820cce2c79c8362ba92f5cc1c73532a5a", size = 28685873 },
]

[[package]]
name = "importlib-resources"
version = "6.5.2"
source = { registry = "https://pypi.org/simple" }
sdist = { url = "https://files.pythonhosted.org/packages/cf/8c/f834fbf984f691b4f7ff60f50b514cc3de5cc08abfc3295564dd89c5e2e7/importlib_resources-6.5.2.tar.gz", hash = "sha256:185f87adef5bcc288449d98fb4fba07cea78bc036455dd44c5fc4a2fe78fed2c", size = 44693 }
wheels = [
    { url = "https://files.pythonhosted.org/packages/a4/ed/1f1afb2e9e7f38a545d628f864d562a5ae64fe6f7a10e28ffb9b185b4e89/importlib_resources-6.5.2-py3-none-any.whl", hash = "sha256:789cfdc3ed28c78b67a06acb8126751ced69a3d5f79c095a98298cd8a760ccec", size = 37461 },
]

[[package]]
name = "polars"
version = "1.22.0"
source = { registry = "https://pypi.org/simple" }
sdist = { url = "https://files.pythonhosted.org/packages/62/f8/148964866c43e6c9d2440da69149cedaca8ad799efbeba1f2bd58c48d95f/polars-1.22.0.tar.gz", hash = "sha256:8d94ae25085d92de10d93ab6a06c94f8c911bd5d9c1ff17cd1073a9dca766029", size = 4399700 }
wheels = [
    { url = "https://files.pythonhosted.org/packages/75/59/ff6185f1cd3898a655fb69571986433adec80c5fe5dbd37edf1025dbbd17/polars-1.22.0-cp39-abi3-macosx_10_12_x86_64.whl", hash = "sha256:6250f838b916fab23ccafe90928d7952afc328d316c956b42d152b20c86ffd9c", size = 32294750 },
    { url = "https://files.pythonhosted.org/packages/4e/89/ac9178aaf4bfce1087d311ddf540b259a517b584a62ba75dfd114a38e049/polars-1.22.0-cp39-abi3-macosx_11_0_arm64.whl", hash = "sha256:5ee3cf3783205709ce31f070f2b4ee4296fec08f2c744a9c37acc7d360121022", size = 29145077 },
    { url = "https://files.pythonhosted.org/packages/91/b6/d7967ca14b8bacf7d3db96b55213571c43443f8802229606cca60458780b/polars-1.22.0-cp39-abi3-manylinux_2_17_x86_64.manylinux2014_x86_64.whl", hash = "sha256:94f25b4ef131da046d05b8235c5f29997630ee2125ebc0553b92258e88f7a8fa", size = 32885965 },
    { url = "https://files.pythonhosted.org/packages/a2/ae/c014bcb259757acd9081b4db76d19157c8978cb6eeb864f80ac0544e85cd/polars-1.22.0-cp39-abi3-manylinux_2_24_aarch64.whl", hash = "sha256:729e6be8a884812a206518195a2fb407b61962323886095ede1a2a934cdb1410", size = 30165643 },
    { url = "https://files.pythonhosted.org/packages/82/ef/2a13676be0f0cfa23f1899855d8342b303cc46111126b770cdacc7fd804d/polars-1.22.0-cp39-abi3-win_amd64.whl", hash = "sha256:78b8bcd1735e9376815d117aeae49391441b2199b5a70a300669d692b34ec713", size = 33179742 },
    { url = "https://files.pythonhosted.org/packages/79/ae/f46ff902e5ad0d3ce377902ae8ff65eaac23d9aba3c6bcb3b38ce22f5544/polars-1.22.0-cp39-abi3-win_arm64.whl", hash = "sha256:cde8f56c408151ab9790c43485b90f690d5c198ce26ab38a845045c73c999325", size = 29458831 },
]

[[package]]
name = "pyarrow"
version = "19.0.0"
source = { registry = "https://pypi.org/simple" }
sdist = { url = "https://files.pythonhosted.org/packages/7b/01/fe1fd04744c2aa038e5a11c7a4adb3d62bce09798695e54f7274b5977134/pyarrow-19.0.0.tar.gz", hash = "sha256:8d47c691765cf497aaeed4954d226568563f1b3b74ff61139f2d77876717084b", size = 1129096 }
wheels = [
    { url = "https://files.pythonhosted.org/packages/f5/b9/ba07ed3dd6b6e4f379b78e9c47c50c8886e07862ab7fa6339ac38622d755/pyarrow-19.0.0-cp313-cp313-macosx_12_0_arm64.whl", hash = "sha256:cf3bf0ce511b833f7bc5f5bb3127ba731e97222023a444b7359f3a22e2a3b463", size = 30651291 },
    { url = "https://files.pythonhosted.org/packages/ad/10/0d304243c8277035298a68a70807efb76199c6c929bb3363c92ac9be6a0d/pyarrow-19.0.0-cp313-cp313-macosx_12_0_x86_64.whl", hash = "sha256:4d8b0c0de0a73df1f1bf439af1b60f273d719d70648e898bc077547649bb8352", size = 32100461 },
    { url = "https://files.pythonhosted.org/packages/8a/61/bcfc5182e11831bca3f849945b9b106e09fd10ded773dff466658e972a45/pyarrow-19.0.0-cp313-cp313-manylinux_2_17_aarch64.manylinux2014_aarch64.whl", hash = "sha256:a92aff08e23d281c69835e4a47b80569242a504095ef6a6223c1f6bb8883431d", size = 41132491 },
    { url = "https://files.pythonhosted.org/packages/8e/87/2915a29049ec352dc69a967fbcbd76b0180319233de0daf8bd368df37099/pyarrow-19.0.0-cp313-cp313-manylinux_2_17_x86_64.manylinux2014_x86_64.whl", hash = "sha256:c3b78eff5968a1889a0f3bc81ca57e1e19b75f664d9c61a42a604bf9d8402aae", size = 42192529 },
    { url = "https://files.pythonhosted.org/packages/48/18/44e5542b2707a8afaf78b5b88c608f261871ae77787eac07b7c679ca6f0f/pyarrow-19.0.0-cp313-cp313-manylinux_2_28_aarch64.whl", hash = "sha256:b34d3bde38eba66190b215bae441646330f8e9da05c29e4b5dd3e41bde701098", size = 40495363 },
    { url = "https://files.pythonhosted.org/packages/ba/d6/5096deb7599bbd20bc2768058fe23bc725b88eb41bee58303293583a2935/pyarrow-19.0.0-cp313-cp313-manylinux_2_28_x86_64.whl", hash = "sha256:5418d4d0fab3a0ed497bad21d17a7973aad336d66ad4932a3f5f7480d4ca0c04", size = 42074075 },
    { url = "https://files.pythonhosted.org/packages/2c/df/e3c839c04c284c9ec3d62b02a8c452b795d9b07b04079ab91ce33484d4c5/pyarrow-19.0.0-cp313-cp313-win_amd64.whl", hash = "sha256:e82c3d5e44e969c217827b780ed8faf7ac4c53f934ae9238872e749fa531f7c9", size = 25239803 },
    { url = "https://files.pythonhosted.org/packages/6a/d3/a6d4088e906c7b5d47792256212606d2ae679046dc750eee0ae167338e5c/pyarrow-19.0.0-cp313-cp313t-macosx_12_0_arm64.whl", hash = "sha256:f208c3b58a6df3b239e0bb130e13bc7487ed14f39a9ff357b6415e3f6339b560", size = 30695401 },
    { url = "https://files.pythonhosted.org/packages/94/25/70040fd0e397dd1b937f459eaeeec942a76027357491dca0ada09d1322af/pyarrow-19.0.0-cp313-cp313t-macosx_12_0_x86_64.whl", hash = "sha256:c751c1c93955b7a84c06794df46f1cec93e18610dcd5ab7d08e89a81df70a849", size = 32104680 },
    { url = "https://files.pythonhosted.org/packages/4e/f9/92783290cc0d80ca16d34b0c126305bfacca4b87dd889c8f16c6ef2a8fd7/pyarrow-19.0.0-cp313-cp313t-manylinux_2_17_aarch64.manylinux2014_aarch64.whl", hash = "sha256:b903afaa5df66d50fc38672ad095806443b05f202c792694f3a604ead7c6ea6e", size = 41076754 },
    { url = "https://files.pythonhosted.org/packages/05/46/2c9870f50a495c72e2b8982ae29a9b1680707ea936edc0de444cec48f875/pyarrow-19.0.0-cp313-cp313t-manylinux_2_17_x86_64.manylinux2014_x86_64.whl", hash = "sha256:a22a4bc0937856263df8b94f2f2781b33dd7f876f787ed746608e06902d691a5", size = 42163133 },
    { url = "https://files.pythonhosted.org/packages/7b/2f/437922b902549228fb15814e8a26105bff2787ece466a8d886eb6699efad/pyarrow-19.0.0-cp313-cp313t-manylinux_2_28_aarch64.whl", hash = "sha256:5e8a28b918e2e878c918f6d89137386c06fe577cd08d73a6be8dafb317dc2d73", size = 40452210 },
    { url = "https://files.pythonhosted.org/packages/36/ef/1d7975053af9d106da973bac142d0d4da71b7550a3576cc3e0b3f444d21a/pyarrow-19.0.0-cp313-cp313t-manylinux_2_28_x86_64.whl", hash = "sha256:29cd86c8001a94f768f79440bf83fee23963af5e7bc68ce3a7e5f120e17edf89", size = 42077618 },
]

[[package]]
name = "python-dotenv"
version = "1.0.1"
source = { registry = "https://pypi.org/simple" }
sdist = { url = "https://files.pythonhosted.org/packages/bc/57/e84d88dfe0aec03b7a2d4327012c1627ab5f03652216c63d49846d7a6c58/python-dotenv-1.0.1.tar.gz", hash = "sha256:e324ee90a023d808f1959c46bcbc04446a10ced277783dc6ee09987c37ec10ca", size = 39115 }
wheels = [
    { url = "https://files.pythonhosted.org/packages/6a/3e/b68c118422ec867fa7ab88444e1274aa40681c606d59ac27de5a5588f082/python_dotenv-1.0.1-py3-none-any.whl", hash = "sha256:f7b63ef50f1b690dddf550d03497b66d609393b40b564ed0d674909a68ebf16a", size = 19863 },
]

[[package]]
name = "snowpolars"
version = "0.1.0"
source = { virtual = "." }
dependencies = [
    { name = "adbc-driver-snowflake" },
    { name = "polars" },
    { name = "pyarrow" },
    { name = "python-dotenv" },
]

[package.metadata]
requires-dist = [
    { name = "adbc-driver-snowflake", specifier = ">=1.4.0" },
    { name = "polars", specifier = ">=1.22.0" },
    { name = "pyarrow", specifier = ">=19.0.0" },
    { name = "python-dotenv", specifier = ">=1.0.1" },
]

[[package]]
name = "typing-extensions"
version = "4.12.2"
source = { registry = "https://pypi.org/simple" }
sdist = { url = "https://files.pythonhosted.org/packages/df/db/f35a00659bc03fec321ba8bce9420de607a1d37f8342eee1863174c69557/typing_extensions-4.12.2.tar.gz", hash = "sha256:1a7ead55c7e559dd4dee8856e3a88b41225abfe1ce8df57b7c13915fe121ffb8", size = 85321 }
wheels = [
    { url = "https://files.pythonhosted.org/packages/26/9f/ad63fc0248c5379346306f8668cda6e2e2e9c95e01216d2b8ffd9ff037d0/typing_extensions-4.12.2-py3-none-any.whl", hash = "sha256:04e5ca0351e0f3f85c6853954072df659d0d13fac324d0072316b67d7794700d", size = 37438 },
]
